
Microsoft Visual Studio Solution File, Format Version 12.00
# Visual Studio Version 17
VisualStudioVersion = 17.14.36518.9 d17.14
MinimumVisualStudioVersion = 10.0.40219.1
Project("{FAE04EC0-301F-11D3-BF4B-00C04F79EFBC}") = "ConsoleAppHomeWork3", "ConsoleAppHomeWork3\ConsoleAppHomeWork3.csproj", "{653AABA3-B226-447C-A009-3600CA3CE56B}"
EndProject
Global
	GlobalSection(SolutionConfigurationPlatforms) = preSolution
		Debug|Any CPU = Debug|Any CPU
		Release|Any CPU = Release|Any CPU
	EndGlobalSection
	GlobalSection(ProjectConfigurationPlatforms) = postSolution
		{653AABA3-B226-447C-A009-3600CA3CE56B}.Debug|Any CPU.ActiveCfg = Debug|Any CPU
		{653AABA3-B226-447C-A009-3600CA3CE56B}.Debug|Any CPU.Build.0 = Debug|Any CPU
		{653AABA3-B226-447C-A009-3600CA3CE56B}.Release|Any CPU.ActiveCfg = Release|Any CPU
		{653AABA3-B226-447C-A009-3600CA3CE56B}.Release|Any CPU.Build.0 = Release|Any CPU
	EndGlobalSection
	GlobalSection(SolutionProperties) = preSolution
		HideSolutionNode = FALSE
	EndGlobalSection
	GlobalSection(ExtensibilityGlobals) = postSolution
		SolutionGuid = {B6F42F39-0AFB-41D7-BDDB-9897752967F7}
	EndGlobalSection
EndGlobal
